lockfileVersion: '9.0'

settings:
  autoInstallPeers: true
  excludeLinksFromLockfile: false

importers:

  .:
    dependencies:
      '@hono/standard-validator':
        specifier: ^0.2.2
        version: 0.2.2(@standard-schema/spec@1.1.0)(hono@4.12.5)
      '@std/async':
        specifier: jsr:^1.2.0
        version: '@jsr/std__async@1.2.0'
      '@std/collections':
        specifier: jsr:^1.1.6
        version: '@jsr/std__collections@1.1.6'
      '@std/crypto':
        specifier: jsr:^1.0.5
        version: '@jsr/std__crypto@1.0.5'
      '@std/csv':
        specifier: jsr:^1.0.6
        version: '@jsr/std__csv@1.0.6'
      '@std/encoding':
        specifier: jsr:^1.0.10
        version: '@jsr/std__encoding@1.0.10'
      '@std/fs':
        specifier: jsr:^1.0.23
        version: '@jsr/std__fs@1.0.23'
      '@std/path':
        specifier: jsr:^1.1.4
        version: '@jsr/std__path@1.1.4'
      '@types/deno':
        specifier: ^2.5.0
        version: 2.5.0
      '@types/node':
        specifier: ^25.3.5
        version: 25.3.5
      '@typescript/native-preview':
        specifier: 7.0.0-dev.20260214.1
        version: 7.0.0-dev.20260214.1
      hono:
        specifier: ^4.12.3
        version: 4.12.5
      jose:
        specifier: ^6.1.3
        version: 6.2.0
      openapi-fetch:
        specifier: ^0.17.0
        version: 0.17.0
      typescript:
        specifier: ^5.9.3
        version: 5.9.3
      zod:
        specifier: ^4.3.6
        version: 4.3.6

packages:

  '@hono/standard-validator@0.2.2':
    resolution: {integrity: sha512-mJ7W84Bt/rSvoIl63Ynew+UZOHAzzRAoAXb3JaWuxAkM/Lzg+ZHTCUiz77KOtn2e623WNN8LkD57Dk0szqUrIw==}
    peerDependencies:
      '@standard-schema/spec': ^1.0.0
      hono: '>=3.9.0'

  '@jsr/std__async@1.2.0':
    resolution: {integrity: sha512-/vlTKrVwDp9iBCi1BUlz4ghyvHNkzGHdvhdHTdPKGJoklBcwnRjm4yC0n+oB97LtRRFpruWmBobABZHD/t/SkQ==, tarball: https://npm.jsr.io/~/11/@jsr/std__async/1.2.0.tgz}

  '@jsr/std__bytes@1.0.6':
    resolution: {integrity: sha512-St6yKggjFGhxS52IFLJWvkchRFbAKg2Xh8UxA4S1EGz7GJ2Ui+ssDDldj/w2c8vCxvl6qgR0HaYbKeFJNqujmA==, tarball: https://npm.jsr.io/~/11/@jsr/std__bytes/1.0.6.tgz}

  '@jsr/std__collections@1.1.6':
    resolution: {integrity: sha512-hmuIU7r/xepXLXIBiK9gmq1BnSalyySnfdJ1mqvT39hU2g4Pz0DJDx6z1CMWVGbUQhpxBHuVQH9diqwMoN6/pw==, tarball: https://npm.jsr.io/~/11/@jsr/std__collections/1.1.6.tgz}

  '@jsr/std__crypto@1.0.5':
    resolution: {integrity: sha512-iqFCkjeGeQccLgmxH9m1d7abjZcFMW0XrYZu1itNz8vVHzH9crObalonjVQaVDdKHCrNNOklMN1t0u3k46dirA==, tarball: https://npm.jsr.io/~/11/@jsr/std__crypto/1.0.5.tgz}

  '@jsr/std__csv@1.0.6':
    resolution: {integrity: sha512-9n/SZzjolPQ907gUPksQU3EFURwRl4GA9V6MylA8hpSkpxhcj6J98zDpn9EmDqgE2A4L9MnlUvFhRpeWl+Y/ZQ==, tarball: https://npm.jsr.io/~/11/@jsr/std__csv/1.0.6.tgz}

  '@jsr/std__encoding@1.0.10':
    resolution: {integrity: sha512-WK2njnDTyKefroRNk2Ooq7GStp6Y0ccAvr4To+Z/zecRAGe7+OSvH9DbiaHpAKwEi2KQbmpWMOYsdNt+TsdmSw==, tarball: https://npm.jsr.io/~/11/@jsr/std__encoding/1.0.10.tgz}

  '@jsr/std__fs@1.0.23':
    resolution: {integrity: sha512-e8jspB3M44E5YhWiLCTqibBBTwVmxQaHN06WvFa/elAKm5E/LfAe8Hj5XGNC8P7a0MIPASlNJsnF1bgO/g+aqg==, tarball: https://npm.jsr.io/~/11/@jsr/std__fs/1.0.23.tgz}

  '@jsr/std__internal@1.0.12':
    resolution: {integrity: sha512-6xReMW9p+paJgqoFRpOE2nogJFvzPfaLHLIlyADYjKMUcwDyjKZxryIbgcU+gxiTygn8yCjld1HoI0ET4/iZeA==, tarball: https://npm.jsr.io/~/11/@jsr/std__internal/1.0.12.tgz}

  '@jsr/std__path@1.1.4':
    resolution: {integrity: sha512-SK4u9H6NVTfolhPdlvdYXfNFefy1W04AEHWJydryYbk+xqzNiVmr5o7TLJLJFqwHXuwMRhwrn+mcYeUfS0YFaA==, tarball: https://npm.jsr.io/~/11/@jsr/std__path/1.1.4.tgz}

  '@jsr/std__streams@1.0.17':
    resolution: {integrity: sha512-LnPlWk20mDIV5/nqoUomAB8umOimfGEyWRApxLgekXFuqKGDsGpUAi58amieVU2XAGNclmUOtQOcQ/qOl3PNFg==, tarball: https://npm.jsr.io/~/11/@jsr/std__streams/1.0.17.tgz}

  '@standard-schema/spec@1.1.0':
    resolution: {integrity: sha512-l2aFy5jALhniG5HgqrD6jXLi/rUWrKvqN/qJx6yoJsgKhblVd+iqqU4RCXavm/jPityDo5TCvKMnpjKnOriy0w==}

  '@types/deno@2.5.0':
    resolution: {integrity: sha512-g8JS38vmc0S87jKsFzre+0ZyMOUDHPVokEJymSCRlL57h6f/FdKPWBXgdFh3Z8Ees9sz11qt9VWELU9Y9ZkiVw==}

  '@types/node@25.3.5':
    resolution: {integrity: sha512-oX8xrhvpiyRCQkG1MFchB09f+cXftgIXb3a7UUa4Y3wpmZPw5tyZGTLWhlESOLq1Rq6oDlc8npVU2/9xiCuXMA==}

  '@typescript/native-preview-darwin-arm64@7.0.0-dev.20260214.1':
    resolution: {integrity: sha512-Jb2WcLGpTOC6x58e8QPYC/14xmDbnbFIuKqUvYoI77hVtojVyxZi8L5Y4CgYqXYx8vRWmIFk35c1OGdtPip6Sg==}
    cpu: [arm64]
    os: [darwin]

  '@typescript/native-preview-darwin-x64@7.0.0-dev.20260214.1':
    resolution: {integrity: sha512-O9l2gVuQFZsb8NIQtu0HN5Tn/Hw2fwylPOPS/0Y4oW+FUMhkqtvetUkb3zZ0qj7capilZ4YnmyGYg3TDqkP4Nw==}
    cpu: [x64]
    os: [darwin]

  '@typescript/native-preview-linux-arm64@7.0.0-dev.20260214.1':
    resolution: {integrity: sha512-Hl4e3yxJqzIGgFI8aH/rLGW+a7kSLHJCpAd5JOLG7hHKnamZF4SjlunnoHLV4IcMri+G6UE3W/84i0QvQP5wLA==}
    cpu: [arm64]
    os: [linux]

  '@typescript/native-preview-linux-arm@7.0.0-dev.20260214.1':
    resolution: {integrity: sha512-TaFrVnx3iXtl/oH1hzwvFyqWj9tzkjW8Ufl2m0Vx2/7GXnzZadm2KA6tFpGbzzWbZJznmXxKHL4O3AZRQYyZqQ==}
    cpu: [arm]
    os: [linux]

  '@typescript/native-preview-linux-x64@7.0.0-dev.20260214.1':
    resolution: {integrity: sha512-a/JypIXTc/tdodhYdQm24WH6aTfnJJjDbwxce4BS2g6IzYSc2GFcZBvlq1CJYS2FAVLpiSxj0OFAZmgjpCDAKg==}
    cpu: [x64]
    os: [linux]

  '@typescript/native-preview-win32-arm64@7.0.0-dev.20260214.1':
    resolution: {integrity: sha512-MJGPEDvdXj8olcWH0P+cWYcaN4r/0J4aSbcaISlen3MZ/2hrrgNl46PV4eGJKKCDniY2pH2fJzrMyJWZOcdb0w==}
    cpu: [arm64]
    os: [win32]

  '@typescript/native-preview-win32-x64@7.0.0-dev.20260214.1':
    resolution: {integrity: sha512-BtF48TRUyiCKznlOcQ7r7EXhonGSanm9X2eu7d8Yq1vaWO5SDgB0e+ISQXSoIfs3a1S3d5S5QV/vTE4+vocPxA==}
    cpu: [x64]
    os: [win32]

  '@typescript/native-preview@7.0.0-dev.20260214.1':
    resolution: {integrity: sha512-BDM0ZLf2v6ilR0tDi8OMEr4X08lFCToPk3/p1SSE4GhagzmlU/5b+9slR0kKtaKMrds01FhvaKx6U9+NmAWgbQ==}
    hasBin: true

  hono@4.12.5:
    resolution: {integrity: sha512-3qq+FUBtlTHhtYxbxheZgY8NIFnkkC/MR8u5TTsr7YZ3wixryQ3cCwn3iZbg8p8B88iDBBAYSfZDS75t8MN7Vg==}
    engines: {node: '>=16.9.0'}

  jose@6.2.0:
    resolution: {integrity: sha512-xsfE1TcSCbUdo6U07tR0mvhg0flGxU8tPLbF03mirl2ukGQENhUg4ubGYQnhVH0b5stLlPM+WOqDkEl1R1y5sQ==}

  openapi-fetch@0.17.0:
    resolution: {integrity: sha512-PsbZR1wAPcG91eEthKhN+Zn92FMHxv+/faECIwjXdxfTODGSGegYv0sc1Olz+HYPvKOuoXfp+0pA2XVt2cI0Ig==}

  openapi-typescript-helpers@0.1.0:
    resolution: {integrity: sha512-OKTGPthhivLw/fHz6c3OPtg72vi86qaMlqbJuVJ23qOvQ+53uw1n7HdmkJFibloF7QEjDrDkzJiOJuockM/ljw==}

  typescript@5.9.3:
    resolution: {integrity: sha512-jl1vZzPDinLr9eUt3J/t7V6FgNEw9QjvBPdysz9KfQDD41fQrC2Y4vKQdiaUpFT4bXlb1RHhLpp8wtm6M5TgSw==}
    engines: {node: '>=14.17'}
    hasBin: true

  undici-types@7.18.2:
    resolution: {integrity: sha512-AsuCzffGHJybSaRrmr5eHr81mwJU3kjw6M+uprWvCXiNeN9SOGwQ3Jn8jb8m3Z6izVgknn1R0FTCEAP2QrLY/w==}

  zod@4.3.6:
    resolution: {integrity: sha512-rftlrkhHZOcjDwkGlnUtZZkvaPHCsDATp4pGpuOOMDaTdDDXF91wuVDJoWoPsKX/3YPQ5fHuF3STjcYyKr+Qhg==}

snapshots:

  '@hono/standard-validator@0.2.2(@standard-schema/spec@1.1.0)(hono@4.12.5)':
    dependencies:
      '@standard-schema/spec': 1.1.0
      hono: 4.12.5

  '@jsr/std__async@1.2.0': {}

  '@jsr/std__bytes@1.0.6': {}

  '@jsr/std__collections@1.1.6': {}

  '@jsr/std__crypto@1.0.5': {}

  '@jsr/std__csv@1.0.6':
    dependencies:
      '@jsr/std__streams': 1.0.17

  '@jsr/std__encoding@1.0.10': {}

  '@jsr/std__fs@1.0.23':
    dependencies:
      '@jsr/std__internal': 1.0.12
      '@jsr/std__path': 1.1.4

  '@jsr/std__internal@1.0.12': {}

  '@jsr/std__path@1.1.4':
    dependencies:
      '@jsr/std__internal': 1.0.12

  '@jsr/std__streams@1.0.17':
    dependencies:
      '@jsr/std__bytes': 1.0.6

  '@standard-schema/spec@1.1.0': {}

  '@types/deno@2.5.0': {}

  '@types/node@25.3.5':
    dependencies:
      undici-types: 7.18.2

  '@typescript/native-preview-darwin-arm64@7.0.0-dev.20260214.1':
    optional: true

  '@typescript/native-preview-darwin-x64@7.0.0-dev.20260214.1':
    optional: true

  '@typescript/native-preview-linux-arm64@7.0.0-dev.20260214.1':
    optional: true

  '@typescript/native-preview-linux-arm@7.0.0-dev.20260214.1':
    optional: true

  '@typescript/native-preview-linux-x64@7.0.0-dev.20260214.1':
    optional: true

  '@typescript/native-preview-win32-arm64@7.0.0-dev.20260214.1':
    optional: true

  '@typescript/native-preview-win32-x64@7.0.0-dev.20260214.1':
    optional: true

  '@typescript/native-preview@7.0.0-dev.20260214.1':
    optionalDependencies:
      '@typescript/native-preview-darwin-arm64': 7.0.0-dev.20260214.1
      '@typescript/native-preview-darwin-x64': 7.0.0-dev.20260214.1
      '@typescript/native-preview-linux-arm': 7.0.0-dev.20260214.1
      '@typescript/native-preview-linux-arm64': 7.0.0-dev.20260214.1
      '@typescript/native-preview-linux-x64': 7.0.0-dev.20260214.1
      '@typescript/native-preview-win32-arm64': 7.0.0-dev.20260214.1
      '@typescript/native-preview-win32-x64': 7.0.0-dev.20260214.1

  hono@4.12.5: {}

  jose@6.2.0: {}

  openapi-fetch@0.17.0:
    dependencies:
      openapi-typescript-helpers: 0.1.0

  openapi-typescript-helpers@0.1.0: {}

  typescript@5.9.3: {}

  undici-types@7.18.2: {}

  zod@4.3.6: {}
